# This file is automatically generated.
# It is not intended for manual editing.
version = 1

[[packages]]
name = "betty-blocks-types:types"
registry = "bettyblocksdev.azurecr.io"

[[packages.versions]]
requirement = "=2.2.0"
version = "2.2.0"
digest = "sha256:bfd8d9d2fd6699d78cdb483a5ae0a0cc25674c0b18abe9ebb38ed6a5e86be5ed"
