%{
  "certifi": {:hex, :certifi, "2.15.0", "0e6e882fcdaaa0a5a9f2b3db55b1394dba07e8d6d9bcad08318fb604c6839712", [:rebar3], [], "hexpm", "b147ed22ce71d72eafdad94f055165c1c182f61a2ff49df28bcc71d1d5b94a60"},
  "chacha20": {:hex, :chacha20, "1.0.4", "0359d8f9a32269271044c1b471d5cf69660c362a7c61a98f73a05ef0b5d9eb9e", [:mix], [], "hexpm", "2027f5d321ae9903f1f0da7f51b0635ad6b8819bc7fe397837930a2011bc2349"},
  "combine": {:hex, :combine, "0.10.0", "eff8224eeb56498a2af13011d142c5e7997a80c8f5b97c499f84c841032e429f", [:mix], [], "hexpm", "1b1dbc1790073076580d0d1d64e42eae2366583e7aecd455d1215b0d16f2451b"},
  "connection": {:hex, :connection, "1.1.0", "ff2a49c4b75b6fb3e674bfc5536451607270aac754ffd1bdfe175abe4a6d7a68", [:mix], [], "hexpm", "722c1eb0a418fbe91ba7bd59a47e28008a189d47e37e0e7bb85585a016b2869c"},
  "cowboy": {:hex, :cowboy, "2.14.1", "031d338393e5a128a7de9613b4a0558aabc31b07082004abecb27cac790f5cd6", [:make, :rebar3], [{:cowlib, ">= 2.16.0 and < 3.0.0", [hex: :cowlib, repo: "hexpm", optional: false]}, {:ranch, ">= 1.8.0 and < 3.0.0", [hex: :ranch, repo: "hexpm", optional: false]}], "hexpm", "e5310d5afd478ba90b1fed4fcdbc0230082b4510009505c586725c30b44e356f"},
  "cowlib": {:hex, :cowlib, "2.16.0", "54592074ebbbb92ee4746c8a8846e5605052f29309d3a873468d76cdf932076f", [:make, :rebar3], [], "hexpm", "7f478d80d66b747344f0ea7708c187645cfcc08b11aa424632f78e25bf05db51"},
  "curve25519": {:hex, :curve25519, "1.0.5", "f801179424e4012049fcfcfcda74ac04f65d0ffceeb80e7ef1d3352deb09f5bb", [:mix], [], "hexpm", "0fba3ad55bf1154d4d5fc3ae5fb91b912b77b13f0def6ccb3a5d58168ff4192d"},
  "ed25519": {:hex, :ed25519, "1.4.3", "d1422c643fb691f8efc65e66c733bcc92338485858a9469f24a528b915809377", [:mix], [], "hexpm", "37f9de6be4a0e67d56f1b69ec2b79d4d96fea78365f45f5d5d344c48cf81d487"},
  "equivalex": {:hex, :equivalex, "1.0.3", "170d9a82ae066e0020dfe1cf7811381669565922eb3359f6c91d7e9a1124ff74", [:mix], [], "hexpm", "46fa311adb855117d36e461b9c0ad2598f72110ad17ad73d7533c78020e045fc"},
  "expo": {:hex, :expo, "1.1.0", "f7b9ed7fb5745ebe1eeedf3d6f29226c5dd52897ac67c0f8af62a07e661e5c75", [:mix], [], "hexpm", "fbadf93f4700fb44c331362177bdca9eeb8097e8b0ef525c9cc501cb9917c960"},
  "flow": {:hex, :flow, "1.2.4", "1dd58918287eb286656008777cb32714b5123d3855956f29aa141ebae456922d", [:mix], [{:gen_stage, "~> 1.0", [hex: :gen_stage, repo: "hexpm", optional: false]}], "hexpm", "874adde96368e71870f3510b91e35bc31652291858c86c0e75359cbdd35eb211"},
  "fs": {:hex, :fs, "8.6.1", "7c9c0d0211e8c520e4e9eda63b960605c2711839f47285e6166c332d973be8ea", [:rebar3], [], "hexpm", "61ea2bdaedae4e2024d0d25c63e44dccf65622d4402db4a2df12868d1546503f"},
  "gen_stage": {:hex, :gen_stage, "1.3.2", "7c77e5d1e97de2c6c2f78f306f463bca64bf2f4c3cdd606affc0100b89743b7b", [:mix], [], "hexpm", "0ffae547fa777b3ed889a6b9e1e64566217413d018cabd825f786e843ffe63e7"},
  "gettext": {:hex, :gettext, "0.26.2", "5978aa7b21fada6deabf1f6341ddba50bc69c999e812211903b169799208f2a8", [:mix], [{:expo, "~> 0.5.1 or ~> 1.0", [hex: :expo, repo: "hexpm", optional: false]}], "hexpm", "aa978504bcf76511efdc22d580ba08e2279caab1066b76bb9aa81c4a1e0a32a5"},
  "gnat": {:hex, :gnat, "1.9.1", "7fd16d40ba927cc88256fae2a8a96089d4e017f3bf7fb83e2e6f5093893b7461", [:mix], [{:connection, "~> 1.1", [hex: :connection, repo: "hexpm", optional: false]}, {:cowlib, "~> 2.0", [hex: :cowlib, repo: "hexpm", optional: false]}, {:jason, "~> 1.1", [hex: :jason, repo: "hexpm", optional: false]}, {:nimble_parsec, "~> 0.5 or ~> 1.0", [hex: :nimble_parsec, repo: "hexpm", optional: false]}, {:nkeys, "~> 0.2", [hex: :nkeys, repo: "hexpm", optional: false]}, {:telemetry, "~> 0.4 or ~> 1.0", [hex: :telemetry, repo: "hexpm", optional: false]}], "hexpm", "e49eb63c2bbc57b099dd2a5ef602963d395fa2790968054ba9d24dd1390e0ab5"},
  "grpc": {:hex, :grpc, "0.10.2", "e67f965c720f05fe706e403ee980c6b4e0310cd4443cecd6361845102e2a16cb", [:mix], [{:castore, "~> 0.1 or ~> 1.0", [hex: :castore, repo: "hexpm", optional: true]}, {:cowboy, "~> 2.10", [hex: :cowboy, repo: "hexpm", optional: false]}, {:cowlib, "~> 2.12", [hex: :cowlib, repo: "hexpm", optional: false]}, {:flow, "~> 1.2", [hex: :flow, repo: "hexpm", optional: false]}, {:gun, "~> 2.0", [hex: :gun, repo: "hexpm", optional: false]}, {:jason, ">= 0.0.0", [hex: :jason, repo: "hexpm", optional: true]}, {:mint, "~> 1.5", [hex: :mint, repo: "hexpm", optional: false]}, {:protobuf, "~> 0.14", [hex: :protobuf, repo: "hexpm", optional: false]}, {:telemetry, "~> 1.0", [hex: :telemetry, repo: "hexpm", optional: false]}], "hexpm", "f3f5c48a655633551a49df8f3f90e772e7a6e26765ebe109bcb5c22cd6b55dce"},
  "gun": {:hex, :gun, "2.2.0", "b8f6b7d417e277d4c2b0dc3c07dfdf892447b087f1cc1caff9c0f556b884e33d", [:make, :rebar3], [{:cowlib, ">= 2.15.0 and < 3.0.0", [hex: :cowlib, repo: "hexpm", optional: false]}], "hexpm", "76022700c64287feb4df93a1795cff6741b83fb37415c40c34c38d2a4645261a"},
  "hackney": {:hex, :hackney, "1.25.0", "390e9b83f31e5b325b9f43b76e1a785cbdb69b5b6cd4e079aa67835ded046867", [:rebar3], [{:certifi, "~> 2.15.0", [hex: :certifi, repo: "hexpm", optional: false]}, {:idna, "~> 6.1.0", [hex: :idna, repo: "hexpm", optional: false]}, {:metrics, "~> 1.0.0", [hex: :metrics, repo: "hexpm", optional: false]}, {:mimerl, "~> 1.4", [hex: :mimerl, repo: "hexpm", optional: false]}, {:parse_trans, "3.4.1", [hex: :parse_trans, repo: "hexpm", optional: false]}, {:ssl_verify_fun, "~> 1.1.0", [hex: :ssl_verify_fun, repo: "hexpm", optional: false]}, {:unicode_util_compat, "~> 0.7.1", [hex: :unicode_util_compat, repo: "hexpm", optional: false]}], "hexpm", "7209bfd75fd1f42467211ff8f59ea74d6f2a9e81cbcee95a56711ee79fd6b1d4"},
  "hpax": {:hex, :hpax, "1.0.3", "ed67ef51ad4df91e75cc6a1494f851850c0bd98ebc0be6e81b026e765ee535aa", [:mix], [], "hexpm", "8eab6e1cfa8d5918c2ce4ba43588e894af35dbd8e91e6e55c817bca5847df34a"},
  "idna": {:hex, :idna, "6.1.1", "8a63070e9f7d0c62eb9d9fcb360a7de382448200fbbd1b106cc96d3d8099df8d", [:rebar3], [{:unicode_util_compat, "~> 0.7.0", [hex: :unicode_util_compat, repo: "hexpm", optional: false]}], "hexpm", "92376eb7894412ed19ac475e4a86f7b413c1b9fbb5bd16dccd57934157944cea"},
  "jason": {:hex, :jason, "1.4.4", "b9226785a9aa77b6857ca22832cffa5d5011a667207eb2a0ad56adb5db443b8a", [:mix], [{:decimal, "~> 1.0 or ~> 2.0", [hex: :decimal, repo: "hexpm", optional: true]}], "hexpm", "c5eb0cab91f094599f94d55bc63409236a8ec69a21a67814529e8d5f6cc90b3b"},
  "jaws": {:hex, :jaws, "0.1.4", "c04a945faae34dd70e3c4b841e454cc3c014b883c36bfa5ff9490a247f1c363e", [:mix], [{:jason, "~> 1.2", [hex: :jason, repo: "hexpm", optional: false]}, {:joken, "~> 2.3", [hex: :joken, repo: "hexpm", optional: false]}, {:timex, "~> 3.6", [hex: :timex, repo: "hexpm", optional: false]}], "hexpm:betty_blocks_bv", "04c6b1b6f20319354d1ebdfe07f1d96f3733abec06a11ae4c3d3874ca8b188d0"},
  "joken": {:hex, :joken, "2.6.2", "5daaf82259ca603af4f0b065475099ada1b2b849ff140ccd37f4b6828ca6892a", [:mix], [{:jose, "~> 1.11.10", [hex: :jose, repo: "hexpm", optional: false]}], "hexpm", "5134b5b0a6e37494e46dbf9e4dad53808e5e787904b7c73972651b51cce3d72b"},
  "jose": {:hex, :jose, "1.11.10", "a903f5227417bd2a08c8a00a0cbcc458118be84480955e8d251297a425723f83", [:mix, :rebar3], [], "hexpm", "0d6cd36ff8ba174db29148fc112b5842186b68a90ce9fc2b3ec3afe76593e614"},
  "kcl": {:hex, :kcl, "1.4.4", "b02fbacc42640096a2ac5f558bb31c60c91de4a1c3eb89692a549500bcc97305", [:mix], [{:curve25519, ">= 1.0.4", [hex: :curve25519, repo: "hexpm", optional: false]}, {:ed25519, "~> 1.3", [hex: :ed25519, repo: "hexpm", optional: false]}, {:poly1305, "~> 1.0", [hex: :poly1305, repo: "hexpm", optional: false]}, {:salsa20, "~> 1.0", [hex: :salsa20, repo: "hexpm", optional: false]}], "hexpm", "d156c708e8c3cadf204e21cac7f239795917614660b205c731f385c8098c39ae"},
  "metrics": {:hex, :metrics, "1.0.1", "25f094dea2cda98213cecc3aeff09e940299d950904393b2a29d191c346a8486", [:rebar3], [], "hexpm", "69b09adddc4f74a40716ae54d140f93beb0fb8978d8636eaded0c31b6f099f16"},
  "mime": {:hex, :mime, "2.0.7", "b8d739037be7cd402aee1ba0306edfdef982687ee7e9859bee6198c1e7e2f128", [:mix], [], "hexpm", "6171188e399ee16023ffc5b76ce445eb6d9672e2e241d2df6050f3c771e80ccd"},
  "mimerl": {:hex, :mimerl, "1.4.0", "3882a5ca67fbbe7117ba8947f27643557adec38fa2307490c4c4207624cb213b", [:rebar3], [], "hexpm", "13af15f9f68c65884ecca3a3891d50a7b57d82152792f3e19d88650aa126b144"},
  "mint": {:hex, :mint, "1.7.1", "113fdb2b2f3b59e47c7955971854641c61f378549d73e829e1768de90fc1abf1", [:mix], [{:castore, "~> 0.1.0 or ~> 1.0", [hex: :castore, repo: "hexpm", optional: true]}, {:hpax, "~> 0.1.1 or ~> 0.2.0 or ~> 1.0", [hex: :hpax, repo: "hexpm", optional: false]}], "hexpm", "fceba0a4d0f24301ddee3024ae116df1c3f4bb7a563a731f45fdfeb9d39a231b"},
  "mock_grpc": {:hex, :mock_grpc, "0.2.0", "b19e098c0e3e84deb916ff1a46907db6cf51a7cc500e24dde37836ddcdaf99e9", [:mix], [{:grpc, "~> 0.6", [hex: :grpc, repo: "hexpm", optional: false]}], "hexpm", "bf93f3ef1b4d3b28151b8735f1b04c1a709e6d300048590802387cca57238445"},
  "nimble_parsec": {:hex, :nimble_parsec, "1.4.2", "8efba0122db06df95bfaa78f791344a89352ba04baedd3849593bfce4d0dc1c6", [:mix], [], "hexpm", "4b21398942dda052b403bbe1da991ccd03a053668d147d53fb8c4e0efe09c973"},
  "nkeys": {:hex, :nkeys, "0.3.1", "5129d5df23f6762b26b1c18506942958015f4d81174ab15bf42e9509e4a45b2c", [:mix], [{:ed25519, "~> 1.3", [hex: :ed25519, repo: "hexpm", optional: false]}, {:kcl, "~> 1.4", [hex: :kcl, repo: "hexpm", optional: false]}], "hexpm", "80d8d1d62ac9c5127ad776d8f435e5e1cc732985f6235b22e6c157808b44c108"},
  "parse_trans": {:hex, :parse_trans, "3.4.1", "6e6aa8167cb44cc8f39441d05193be6e6f4e7c2946cb2759f015f8c56b76e5ff", [:rebar3], [], "hexpm", "620a406ce75dada827b82e453c19cf06776be266f5a67cff34e1ef2cbb60e49a"},
  "plug": {:hex, :plug, "1.18.1", "5067f26f7745b7e31bc3368bc1a2b818b9779faa959b49c934c17730efc911cf", [:mix], [{:mime, "~> 1.0 or ~> 2.0", [hex: :mime, repo: "hexpm", optional: false]}, {:plug_crypto, "~> 1.1.1 or ~> 1.2 or ~> 2.0", [hex: :plug_crypto, repo: "hexpm", optional: false]}, {:telemetry, "~> 0.4.3 or ~> 1.0", [hex: :telemetry, repo: "hexpm", optional: false]}], "hexpm", "57a57db70df2b422b564437d2d33cf8d33cd16339c1edb190cd11b1a3a546cc2"},
  "plug_crypto": {:hex, :plug_crypto, "2.1.1", "19bda8184399cb24afa10be734f84a16ea0a2bc65054e23a62bb10f06bc89491", [:mix], [], "hexpm", "6470bce6ffe41c8bd497612ffde1a7e4af67f36a15eea5f921af71cf3e11247c"},
  "poly1305": {:hex, :poly1305, "1.0.4", "7cdc8961a0a6e00a764835918cdb8ade868044026df8ef5d718708ea6cc06611", [:mix], [{:chacha20, "~> 1.0", [hex: :chacha20, repo: "hexpm", optional: false]}, {:equivalex, "~> 1.0", [hex: :equivalex, repo: "hexpm", optional: false]}], "hexpm", "e14e684661a5195e149b3139db4a1693579d4659d65bba115a307529c47dbc3b"},
  "protobuf": {:hex, :protobuf, "0.15.0", "c9fc1e9fc1682b05c601df536d5ff21877b55e2023e0466a3855cc1273b74dcb", [:mix], [{:jason, "~> 1.2", [hex: :jason, repo: "hexpm", optional: true]}], "hexpm", "5d7bb325319db1d668838d2691c31c7b793c34111aec87d5ee467a39dac6e051"},
  "ranch": {:hex, :ranch, "2.2.0", "25528f82bc8d7c6152c57666ca99ec716510fe0925cb188172f41ce93117b1b0", [:make, :rebar3], [], "hexpm", "fa0b99a1780c80218a4197a59ea8d3bdae32fbff7e88527d7d8a4787eff4f8e7"},
  "salsa20": {:hex, :salsa20, "1.0.4", "404cbea1fa8e68a41bcc834c0a2571ac175580fec01cc38cc70c0fb9ffc87e9b", [:mix], [], "hexpm", "745ddcd8cfa563ddb0fd61e7ce48d5146279a2cf7834e1da8441b369fdc58ac6"},
  "ssl_verify_fun": {:hex, :ssl_verify_fun, "1.1.7", "354c321cf377240c7b8716899e182ce4890c5938111a1296add3ec74cf1715df", [:make, :mix, :rebar3], [], "hexpm", "fe4c190e8f37401d30167c8c405eda19469f34577987c76dde613e838bbc67f8"},
  "telemetry": {:hex, :telemetry, "1.3.0", "fedebbae410d715cf8e7062c96a1ef32ec22e764197f70cda73d82778d61e7a2", [:rebar3], [], "hexpm", "7015fc8919dbe63764f4b4b87a95b7c0996bd539e0d499be6ec9d7f3875b79e6"},
  "tesla": {:hex, :tesla, "1.15.3", "3a2b5c37f09629b8dcf5d028fbafc9143c0099753559d7fe567eaabfbd9b8663", [:mix], [{:castore, "~> 0.1 or ~> 1.0", [hex: :castore, repo: "hexpm", optional: true]}, {:exjsx, ">= 3.0.0", [hex: :exjsx, repo: "hexpm", optional: true]}, {:finch, "~> 0.13", [hex: :finch, repo: "hexpm", optional: true]}, {:fuse, "~> 2.4", [hex: :fuse, repo: "hexpm", optional: true]}, {:gun, ">= 1.0.0", [hex: :gun, repo: "hexpm", optional: true]}, {:hackney, "~> 1.21", [hex: :hackney, repo: "hexpm", optional: true]}, {:ibrowse, "4.4.2", [hex: :ibrowse, repo: "hexpm", optional: true]}, {:jason, ">= 1.0.0", [hex: :jason, repo: "hexpm", optional: true]}, {:mime, "~> 1.0 or ~> 2.0", [hex: :mime, repo: "hexpm", optional: false]}, {:mint, "~> 1.0", [hex: :mint, repo: "hexpm", optional: true]}, {:mox, "~> 1.0", [hex: :mox, repo: "hexpm", optional: true]}, {:msgpax, "~> 2.3", [hex: :msgpax, repo: "hexpm", optional: true]}, {:poison, ">= 1.0.0", [hex: :poison, repo: "hexpm", optional: true]}, {:telemetry, "~> 0.4 or ~> 1.0", [hex: :telemetry, repo: "hexpm", optional: true]}], "hexpm", "98bb3d4558abc67b92fb7be4cd31bb57ca8d80792de26870d362974b58caeda7"},
  "test_server": {:hex, :test_server, "0.1.21", "a22e3f5bc30278c4b9bf53f6721dc951e18e6e10ce5505481dc36ba774fc944c", [:mix], [{:bandit, ">= 1.4.0", [hex: :bandit, repo: "hexpm", optional: true]}, {:plug, "~> 1.14", [hex: :plug, repo: "hexpm", optional: false]}, {:plug_cowboy, ">= 2.0.0", [hex: :plug_cowboy, repo: "hexpm", optional: true]}, {:x509, "~> 0.6", [hex: :x509, repo: "hexpm", optional: false]}], "hexpm", "3b704bd0bbba389106ca3331a4a75d5e6f6142f4dc4cb20d91f960b932bf0523"},
  "testcontainers": {:hex, :testcontainers, "1.13.3", "8dd390dccc9e1355b43828396bf53b1bd91a88c4e8a8d9d28b4dd4ae9b9c0f55", [:mix], [{:ecto, "~> 3.3", [hex: :ecto, repo: "hexpm", optional: true]}, {:ecto_sql, "~> 3.3", [hex: :ecto_sql, repo: "hexpm", optional: true]}, {:fs, "~> 8.6", [hex: :fs, repo: "hexpm", optional: false]}, {:hackney, "~> 1.20", [hex: :hackney, repo: "hexpm", optional: false]}, {:jason, "~> 1.4", [hex: :jason, repo: "hexpm", optional: false]}, {:tesla, "~> 1.7", [hex: :tesla, repo: "hexpm", optional: false]}, {:uniq, "~> 0.6", [hex: :uniq, repo: "hexpm", optional: false]}], "hexpm", "1f94e97a0fd29c81f5450d5392a7f6d4e6c347a8e33f820c13c2e8313a6c1443"},
  "timex": {:hex, :timex, "3.7.13", "0688ce11950f5b65e154e42b47bf67b15d3bc0e0c3def62199991b8a8079a1e2", [:mix], [{:combine, "~> 0.10", [hex: :combine, repo: "hexpm", optional: false]}, {:gettext, "~> 0.26", [hex: :gettext, repo: "hexpm", optional: false]}, {:tzdata, "~> 1.1", [hex: :tzdata, repo: "hexpm", optional: false]}], "hexpm", "09588e0522669328e973b8b4fd8741246321b3f0d32735b589f78b136e6d4c54"},
  "tzdata": {:hex, :tzdata, "1.1.3", "b1cef7bb6de1de90d4ddc25d33892b32830f907e7fc2fccd1e7e22778ab7dfbc", [:mix], [{:hackney, "~> 1.17", [hex: :hackney, repo: "hexpm", optional: false]}], "hexpm", "d4ca85575a064d29d4e94253ee95912edfb165938743dbf002acdf0dcecb0c28"},
  "unicode_util_compat": {:hex, :unicode_util_compat, "0.7.1", "a48703a25c170eedadca83b11e88985af08d35f37c6f664d6dcfb106a97782fc", [:rebar3], [], "hexpm", "b3a917854ce3ae233619744ad1e0102e05673136776fb2fa76234f3e03b23642"},
  "uniq": {:hex, :uniq, "0.6.1", "369660ecbc19051be526df3aa85dc393af5f61f45209bce2fa6d7adb051ae03c", [:mix], [{:ecto, "~> 3.0", [hex: :ecto, repo: "hexpm", optional: true]}], "hexpm", "6426c34d677054b3056947125b22e0daafd10367b85f349e24ac60f44effb916"},
  "wadm_client": {:hex, :wadm_client, "0.1.0", "a13214a26c335cf4e389ff7235533fecc581865abc05e3d1014892b0797ef590", [:mix], [{:gnat, "~> 1.9.0", [hex: :gnat, repo: "hexpm", optional: false]}, {:yaml_elixir, "~> 2.11.0", [hex: :yaml_elixir, repo: "hexpm", optional: false]}], "hexpm", "54b9bbb1131662af19e975243f5671c4446cc926ea95b4c62dee637781298477"},
  "x509": {:hex, :x509, "0.9.2", "a75aa605348abd905990f3d2dc1b155fcde4e030fa2f90c4a91534405dce0f6e", [:mix], [], "hexpm", "4c5ede75697e565d4b0f5be04c3b71bb1fd3a090ea243af4bd7dae144e48cfc7"},
  "yamerl": {:hex, :yamerl, "0.10.0", "4ff81fee2f1f6a46f1700c0d880b24d193ddb74bd14ef42cb0bcf46e81ef2f8e", [:rebar3], [], "hexpm", "346adb2963f1051dc837a2364e4acf6eb7d80097c0f53cbdc3046ec8ec4b4e6e"},
  "yaml_elixir": {:hex, :yaml_elixir, "2.11.0", "9e9ccd134e861c66b84825a3542a1c22ba33f338d82c07282f4f1f52d847bd50", [:mix], [{:yamerl, "~> 0.10", [hex: :yamerl, repo: "hexpm", optional: false]}], "hexpm", "53cc28357ee7eb952344995787f4bb8cc3cecbf189652236e9b163e8ce1bc242"},
}
