# This file is automatically generated.
# It is not intended for manual editing.
version = 1

[[packages]]
name = "betty-blocks-types:actions"
registry = "bettyblocksdev.azurecr.io"

[[packages.versions]]
requirement = "=2.2.0"
version = "2.2.0"
digest = "sha256:f440fc88e5191b8a602e156ef28c8cf06b847cdfc256a70da687c846fc80e175"

[[packages]]
name = "wasi:http"
registry = "wasi.dev"

[[packages.versions]]
requirement = "=0.2.2"
version = "0.2.2"
digest = "sha256:a1f129cdf1fde55ec2d4ae8d998c39a7e5cf7544a8bd84a831054ac0d2ac64dd"
